
Microsoft Visual Studio Solution File, Format Version 12.00
# Visual Studio 2012
Project("{FAE04EC0-301F-11D3-BF4B-00C04F79EFBC}") = "Moves.Net", "Moves.Net\Moves.Net.csproj", "{96E12132-8B35-47A4-9710-900CFDA17934}"
EndProject
Project("{2150E333-8FDC-42A3-9474-1A3956D46DE8}") = "Solution Items", "Solution Items", "{EC8B02D7-E068-4250-9334-9559363EF01E}"
	ProjectSection(SolutionItems) = preProject
		.gitignore = .gitignore
		nuget\CreatePackage.cmd = nuget\CreatePackage.cmd
		LICENSE = LICENSE
		README.md = README.md
	EndProjectSection
EndProject
Global
	GlobalSection(SolutionConfigurationPlatforms) = preSolution
		Debug|Any CPU = Debug|Any CPU
		Release|Any CPU = Release|Any CPU
	EndGlobalSection
	GlobalSection(ProjectConfigurationPlatforms) = postSolution
		{96E12132-8B35-47A4-9710-900CFDA17934}.Debug|Any CPU.ActiveCfg = Debug|Any CPU
		{96E12132-8B35-47A4-9710-900CFDA17934}.Debug|Any CPU.Build.0 = Debug|Any CPU
		{96E12132-8B35-47A4-9710-900CFDA17934}.Release|Any CPU.ActiveCfg = Release|Any CPU
		{96E12132-8B35-47A4-9710-900CFDA17934}.Release|Any CPU.Build.0 = Release|Any CPU
	EndGlobalSection
	GlobalSection(SolutionProperties) = preSolution
		HideSolutionNode = FALSE
	EndGlobalSection
EndGlobal
